// !$*UTF8*$!
{
	archiveVersion = 1;
	classes = {
	};
	objectVersion = 77;
	objects = {

/* Begin PBXBuildFile section */
		715AA8532D9FD7720039CF10 /* StoryListView.swift in Sources */ = {isa = PBXBuildFile; fileRef = 715AA84D2D9FD7720039CF10 /* StoryListView.swift */; };
		715AA8542D9FD7720039CF10 /* StoryListViewModel.swift in Sources */ = {isa = PBXBuildFile; fileRef = 715AA84E2D9FD7720039CF10 /* StoryListViewModel.swift */; };
		715AA8552D9FD7720039CF10 /* TechTestStoryListApp.swift in Sources */ = {isa = PBXBuildFile; fileRef = 715AA84F2D9FD7720039CF10 /* TechTestStoryListApp.swift */; };
		715AA8562D9FD7720039CF10 /* UserService.swift in Sources */ = {isa = PBXBuildFile; fileRef = 715AA8502D9FD7720039CF10 /* UserService.swift */; };
		715AA8572D9FD7720039CF10 /* UsersResponse.swift in Sources */ = {isa = PBXBuildFile; fileRef = 715AA8512D9FD7720039CF10 /* UsersResponse.swift */; };
		715AA8582D9FD7720039CF10 /* Assets.xcassets in Resources */ = {isa = PBXBuildFile; fileRef = 715AA84C2D9FD7720039CF10 /* Assets.xcassets */; };
		715AA85F2D9FDC3C0039CF10 /* Kingfisher in Frameworks */ = {isa = PBXBuildFile; productRef = 715AA85E2D9FDC3C0039CF10 /* Kingfisher */; };
		715AA8612D9FE2AF0039CF10 /* StoryStateStorage.swift in Sources */ = {isa = PBXBuildFile; fileRef = 715AA8602D9FE2AF0039CF10 /* StoryStateStorage.swift */; };
		715AA8632D9FEB7C0039CF10 /* StoryView.swift in Sources */ = {isa = PBXBuildFile; fileRef = 715AA8622D9FEB7C0039CF10 /* StoryView.swift */; };
		715AA8662D9FF1540039CF10 /* LikeButtonView.swift in Sources */ = {isa = PBXBuildFile; fileRef = 715AA8652D9FF1540039CF10 /* LikeButtonView.swift */; };
		715AA8682D9FF18E0039CF10 /* StoryViewModel.swift in Sources */ = {isa = PBXBuildFile; fileRef = 715AA8672D9FF18E0039CF10 /* StoryViewModel.swift */; };
		715AA86A2D9FF2F30039CF10 /* StoryAvatarView.swift in Sources */ = {isa = PBXBuildFile; fileRef = 715AA8692D9FF2F30039CF10 /* StoryAvatarView.swift */; };
		715AA86C2D9FFC5C0039CF10 /* CloseButtonView.swift in Sources */ = {isa = PBXBuildFile; fileRef = 715AA86B2D9FFC5C0039CF10 /* CloseButtonView.swift */; };
		715AA86F2DA000940039CF10 /* access.swift in Sources */ = {isa = PBXBuildFile; fileRef = 715AA86E2DA000940039CF10 /* access.swift */; };
/* End PBXBuildFile section */

/* Begin PBXFileReference section */
		715AA8382D9FD6610039CF10 /* TechTestStoryList.app */ = {isa = PBXFileReference; explicitFileType = wrapper.application; includeInIndex = 0; path = TechTestStoryList.app; sourceTree = BUILT_PRODUCTS_DIR; };
		715AA84C2D9FD7720039CF10 /* Assets.xcassets */ = {isa = PBXFileReference; lastKnownFileType = folder.assetcatalog; path = Assets.xcassets; sourceTree = "<group>"; };
		715AA84D2D9FD7720039CF10 /* StoryListView.swift */ = {isa = PBXFileReference; lastKnownFileType = sourcecode.swift; path = StoryListView.swift; sourceTree = "<group>"; };
		715AA84E2D9FD7720039CF10 /* StoryListViewModel.swift */ = {isa = PBXFileReference; lastKnownFileType = sourcecode.swift; path = StoryListViewModel.swift; sourceTree = "<group>"; };
		715AA84F2D9FD7720039CF10 /* TechTestStoryListApp.swift */ = {isa = PBXFileReference; lastKnownFileType = sourcecode.swift; path = TechTestStoryListApp.swift; sourceTree = "<group>"; };
		715AA8502D9FD7720039CF10 /* UserService.swift */ = {isa = PBXFileReference; lastKnownFileType = sourcecode.swift; path = UserService.swift; sourceTree = "<group>"; };
		715AA8512D9FD7720039CF10 /* UsersResponse.swift */ = {isa = PBXFileReference; lastKnownFileType = sourcecode.swift; path = UsersResponse.swift; sourceTree = "<group>"; };
		715AA8602D9FE2AF0039CF10 /* StoryStateStorage.swift */ = {isa = PBXFileReference; lastKnownFileType = sourcecode.swift; path = StoryStateStorage.swift; sourceTree = "<group>"; };
		715AA8622D9FEB7C0039CF10 /* StoryView.swift */ = {isa = PBXFileReference; lastKnownFileType = sourcecode.swift; path = StoryView.swift; sourceTree = "<group>"; };
		715AA8652D9FF1540039CF10 /* LikeButtonView.swift */ = {isa = PBXFileReference; lastKnownFileType = sourcecode.swift; path = LikeButtonView.swift; sourceTree = "<group>"; };
		715AA8672D9FF18E0039CF10 /* StoryViewModel.swift */ = {isa = PBXFileReference; lastKnownFileType = sourcecode.swift; path = StoryViewModel.swift; sourceTree = "<group>"; };
		715AA8692D9FF2F30039CF10 /* StoryAvatarView.swift */ = {isa = PBXFileReference; lastKnownFileType = sourcecode.swift; path = StoryAvatarView.swift; sourceTree = "<group>"; };
		715AA86B2D9FFC5C0039CF10 /* CloseButtonView.swift */ = {isa = PBXFileReference; lastKnownFileType = sourcecode.swift; path = CloseButtonView.swift; sourceTree = "<group>"; };
		715AA86E2DA000940039CF10 /* access.swift */ = {isa = PBXFileReference; lastKnownFileType = sourcecode.swift; path = access.swift; sourceTree = "<group>"; };
/* End PBXFileReference section */

/* Begin PBXFrameworksBuildPhase section */
		715AA8352D9FD6610039CF10 /* Frameworks */ = {
			isa = PBXFrameworksBuildPhase;
			buildActionMask = 2147483647;
			files = (
				715AA85F2D9FDC3C0039CF10 /* Kingfisher in Frameworks */,
			);
			runOnlyForDeploymentPostprocessing = 0;
		};
/* End PBXFrameworksBuildPhase section */

/* Begin PBXGroup section */
		715AA82F2D9FD6610039CF10 = {
			isa = PBXGroup;
			children = (
				715AA8522D9FD7720039CF10 /* TechTestStoryList */,
				715AA8392D9FD6610039CF10 /* Products */,
			);
			sourceTree = "<group>";
		};
		715AA8392D9FD6610039CF10 /* Products */ = {
			isa = PBXGroup;
			children = (
				715AA8382D9FD6610039CF10 /* TechTestStoryList.app */,
			);
			name = Products;
			sourceTree = "<group>";
		};
		715AA8522D9FD7720039CF10 /* TechTestStoryList */ = {
			isa = PBXGroup;
			children = (
				715AA84C2D9FD7720039CF10 /* Assets.xcassets */,
				715AA84F2D9FD7720039CF10 /* TechTestStoryListApp.swift */,
				715AA8592D9FD7770039CF10 /* Views */,
				715AA85B2D9FD7890039CF10 /* ViewModel */,
				715AA85C2D9FD7AF0039CF10 /* Services */,
				715AA85A2D9FD7810039CF10 /* Model */,
				715AA8642D9FF1450039CF10 /* Components */,
			);
			path = TechTestStoryList;
			sourceTree = "<group>";
		};
		715AA8592D9FD7770039CF10 /* Views */ = {
			isa = PBXGroup;
			children = (
				715AA84D2D9FD7720039CF10 /* StoryListView.swift */,
				715AA8692D9FF2F30039CF10 /* StoryAvatarView.swift */,
				715AA8622D9FEB7C0039CF10 /* StoryView.swift */,
			);
			path = Views;
			sourceTree = "<group>";
		};
		715AA85A2D9FD7810039CF10 /* Model */ = {
			isa = PBXGroup;
			children = (
				715AA8512D9FD7720039CF10 /* UsersResponse.swift */,
			);
			path = Model;
			sourceTree = "<group>";
		};
		715AA85B2D9FD7890039CF10 /* ViewModel */ = {
			isa = PBXGroup;
			children = (
				715AA84E2D9FD7720039CF10 /* StoryListViewModel.swift */,
				715AA8672D9FF18E0039CF10 /* StoryViewModel.swift */,
				715AA8602D9FE2AF0039CF10 /* StoryStateStorage.swift */,
			);
			path = ViewModel;
			sourceTree = "<group>";
		};
		715AA85C2D9FD7AF0039CF10 /* Services */ = {
			isa = PBXGroup;
			children = (
				715AA8502D9FD7720039CF10 /* UserService.swift */,
			);
			path = Services;
			sourceTree = "<group>";
		};
		715AA8642D9FF1450039CF10 /* Components */ = {
			isa = PBXGroup;
			children = (
				715AA8652D9FF1540039CF10 /* LikeButtonView.swift */,
				715AA86B2D9FFC5C0039CF10 /* CloseButtonView.swift */,
				715AA86D2DA0006E0039CF10 /* Access */,
			);
			path = Components;
			sourceTree = "<group>";
		};
		715AA86D2DA0006E0039CF10 /* Access */ = {
			isa = PBXGroup;
			children = (
				715AA86E2DA000940039CF10 /* access.swift */,
			);
			path = Access;
			sourceTree = "<group>";
		};
/* End PBXGroup section */

/* Begin PBXNativeTarget section */
		715AA8372D9FD6610039CF10 /* TechTestStoryList */ = {
			isa = PBXNativeTarget;
			buildConfigurationList = 715AA8432D9FD6620039CF10 /* Build configuration list for PBXNativeTarget "TechTestStoryList" */;
			buildPhases = (
				715AA8342D9FD6610039CF10 /* Sources */,
				715AA8352D9FD6610039CF10 /* Frameworks */,
				715AA8362D9FD6610039CF10 /* Resources */,
			);
			buildRules = (
			);
			dependencies = (
			);
			name = TechTestStoryList;
			packageProductDependencies = (
				715AA85E2D9FDC3C0039CF10 /* Kingfisher */,
			);
			productName = TechTestStoryList;
			productReference = 715AA8382D9FD6610039CF10 /* TechTestStoryList.app */;
			productType = "com.apple.product-type.application";
		};
/* End PBXNativeTarget section */

/* Begin PBXProject section */
		715AA8302D9FD6610039CF10 /* Project object */ = {
			isa = PBXProject;
			attributes = {
				BuildIndependentTargetsInParallel = 1;
				LastSwiftUpdateCheck = 1630;
				LastUpgradeCheck = 1630;
				TargetAttributes = {
					715AA8372D9FD6610039CF10 = {
						CreatedOnToolsVersion = 16.3;
					};
				};
			};
			buildConfigurationList = 715AA8332D9FD6610039CF10 /* Build configuration list for PBXProject "TechTestStoryList" */;
			developmentRegion = en;
			hasScannedForEncodings = 0;
			knownRegions = (
				en,
				Base,
			);
			mainGroup = 715AA82F2D9FD6610039CF10;
			minimizedProjectReferenceProxies = 1;
			packageReferences = (
				715AA85D2D9FDC3C0039CF10 /* XCRemoteSwiftPackageReference "Kingfisher" */,
			);
			preferredProjectObjectVersion = 77;
			productRefGroup = 715AA8392D9FD6610039CF10 /* Products */;
			projectDirPath = "";
			projectRoot = "";
			targets = (
				715AA8372D9FD6610039CF10 /* TechTestStoryList */,
			);
		};
/* End PBXProject section */

/* Begin PBXResourcesBuildPhase section */
		715AA8362D9FD6610039CF10 /* Resources */ = {
			isa = PBXResourcesBuildPhase;
			buildActionMask = 2147483647;
			files = (
				715AA8582D9FD7720039CF10 /* Assets.xcassets in Resources */,
			);
			runOnlyForDeploymentPostprocessing = 0;
		};
/* End PBXResourcesBuildPhase section */

/* Begin PBXSourcesBuildPhase section */
		715AA8342D9FD6610039CF10 /* Sources */ = {
			isa = PBXSourcesBuildPhase;
			buildActionMask = 2147483647;
			files = (
				715AA8682D9FF18E0039CF10 /* StoryViewModel.swift in Sources */,
				715AA86F2DA000940039CF10 /* access.swift in Sources */,
				715AA8532D9FD7720039CF10 /* StoryListView.swift in Sources */,
				715AA8542D9FD7720039CF10 /* StoryListViewModel.swift in Sources */,
				715AA8552D9FD7720039CF10 /* TechTestStoryListApp.swift in Sources */,
				715AA8662D9FF1540039CF10 /* LikeButtonView.swift in Sources */,
				715AA86A2D9FF2F30039CF10 /* StoryAvatarView.swift in Sources */,
				715AA8632D9FEB7C0039CF10 /* StoryView.swift in Sources */,
				715AA8612D9FE2AF0039CF10 /* StoryStateStorage.swift in Sources */,
				715AA8562D9FD7720039CF10 /* UserService.swift in Sources */,
				715AA86C2D9FFC5C0039CF10 /* CloseButtonView.swift in Sources */,
				715AA8572D9FD7720039CF10 /* UsersResponse.swift in Sources */,
			);
			runOnlyForDeploymentPostprocessing = 0;
		};
/* End PBXSourcesBuildPhase section */

/* Begin XCBuildConfiguration section */
		715AA8412D9FD6620039CF10 /* Debug */ = {
			isa = XCBuildConfiguration;
			buildSettings = {
				ALWAYS_SEARCH_USER_PATHS = NO;
				ASSETCATALOG_COMPILER_GENERATE_SWIFT_ASSET_SYMBOL_EXTENSIONS = YES;
				CLANG_ANALYZER_NONNULL = YES;
				CLANG_ANALYZER_NUMBER_OBJECT_CONVERSION = YES_AGGRESSIVE;
				CLANG_CXX_LANGUAGE_STANDARD = "gnu++20";
				CLANG_ENABLE_MODULES = YES;
				CLANG_ENABLE_OBJC_ARC = YES;
				CLANG_ENABLE_OBJC_WEAK = YES;
				CLANG_WARN_BLOCK_CAPTURE_AUTORELEASING = YES;
				CLANG_WARN_BOOL_CONVERSION = YES;
				CLANG_WARN_COMMA = YES;
				CLANG_WARN_CONSTANT_CONVERSION = YES;
				CLANG_WARN_DEPRECATED_OBJC_IMPLEMENTATIONS = YES;
				CLANG_WARN_DIRECT_OBJC_ISA_USAGE = YES_ERROR;
				CLANG_WARN_DOCUMENTATION_COMMENTS = YES;
				CLANG_WARN_EMPTY_BODY = YES;
				CLANG_WARN_ENUM_CONVERSION = YES;
				CLANG_WARN_INFINITE_RECURSION = YES;
				CLANG_WARN_INT_CONVERSION = YES;
				CLANG_WARN_NON_LITERAL_NULL_CONVERSION = YES;
				CLANG_WARN_OBJC_IMPLICIT_RETAIN_SELF = YES;
				CLANG_WARN_OBJC_LITERAL_CONVERSION = YES;
				CLANG_WARN_OBJC_ROOT_CLASS = YES_ERROR;
				CLANG_WARN_QUOTED_INCLUDE_IN_FRAMEWORK_HEADER = YES;
				CLANG_WARN_RANGE_LOOP_ANALYSIS = YES;
				CLANG_WARN_STRICT_PROTOTYPES = YES;
				CLANG_WARN_SUSPICIOUS_MOVE = YES;
				CLANG_WARN_UNGUARDED_AVAILABILITY = YES_AGGRESSIVE;
				CLANG_WARN_UNREACHABLE_CODE = YES;
				CLANG_WARN__DUPLICATE_METHOD_MATCH = YES;
				COPY_PHASE_STRIP = NO;
				DEBUG_INFORMATION_FORMAT = dwarf;
				DEVELOPMENT_TEAM = 9N6US9U86T;
				ENABLE_STRICT_OBJC_MSGSEND = YES;
				ENABLE_TESTABILITY = YES;
				ENABLE_USER_SCRIPT_SANDBOXING = YES;
				GCC_C_LANGUAGE_STANDARD = gnu17;
				GCC_DYNAMIC_NO_PIC = NO;
				GCC_NO_COMMON_BLOCKS = YES;
				GCC_OPTIMIZATION_LEVEL = 0;
				GCC_PREPROCESSOR_DEFINITIONS = (
					"DEBUG=1",
					"$(inherited)",
				);
				GCC_WARN_64_TO_32_BIT_CONVERSION = YES;
				GCC_WARN_ABOUT_RETURN_TYPE = YES_ERROR;
				GCC_WARN_UNDECLARED_SELECTOR = YES;
				GCC_WARN_UNINITIALIZED_AUTOS = YES_AGGRESSIVE;
				GCC_WARN_UNUSED_FUNCTION = YES;
				GCC_WARN_UNUSED_VARIABLE = YES;
				IPHONEOS_DEPLOYMENT_TARGET = 18.4;
				LOCALIZATION_PREFERS_STRING_CATALOGS = YES;
				MTL_ENABLE_DEBUG_INFO = INCLUDE_SOURCE;
				MTL_FAST_MATH = YES;
				ONLY_ACTIVE_ARCH = YES;
				SDKROOT = iphoneos;
				SWIFT_ACTIVE_COMPILATION_CONDITIONS = "DEBUG $(inherited)";
				SWIFT_OPTIMIZATION_LEVEL = "-Onone";
			};
			name = Debug;
		};
		715AA8422D9FD6620039CF10 /* Release */ = {
			isa = XCBuildConfiguration;
			buildSettings = {
				ALWAYS_SEARCH_USER_PATHS = NO;
				ASSETCATALOG_COMPILER_GENERATE_SWIFT_ASSET_SYMBOL_EXTENSIONS = YES;
				CLANG_ANALYZER_NONNULL = YES;
				CLANG_ANALYZER_NUMBER_OBJECT_CONVERSION = YES_AGGRESSIVE;
				CLANG_CXX_LANGUAGE_STANDARD = "gnu++20";
				CLANG_ENABLE_MODULES = YES;
				CLANG_ENABLE_OBJC_ARC = YES;
				CLANG_ENABLE_OBJC_WEAK = YES;
				CLANG_WARN_BLOCK_CAPTURE_AUTORELEASING = YES;
				CLANG_WARN_BOOL_CONVERSION = YES;
				CLANG_WARN_COMMA = YES;
				CLANG_WARN_CONSTANT_CONVERSION = YES;
				CLANG_WARN_DEPRECATED_OBJC_IMPLEMENTATIONS = YES;
				CLANG_WARN_DIRECT_OBJC_ISA_USAGE = YES_ERROR;
				CLANG_WARN_DOCUMENTATION_COMMENTS = YES;
				CLANG_WARN_EMPTY_BODY = YES;
				CLANG_WARN_ENUM_CONVERSION = YES;
				CLANG_WARN_INFINITE_RECURSION = YES;
				CLANG_WARN_INT_CONVERSION = YES;
				CLANG_WARN_NON_LITERAL_NULL_CONVERSION = YES;
				CLANG_WARN_OBJC_IMPLICIT_RETAIN_SELF = YES;
				CLANG_WARN_OBJC_LITERAL_CONVERSION = YES;
				CLANG_WARN_OBJC_ROOT_CLASS = YES_ERROR;
				CLANG_WARN_QUOTED_INCLUDE_IN_FRAMEWORK_HEADER = YES;
				CLANG_WARN_RANGE_LOOP_ANALYSIS = YES;
				CLANG_WARN_STRICT_PROTOTYPES = YES;
				CLANG_WARN_SUSPICIOUS_MOVE = YES;
				CLANG_WARN_UNGUARDED_AVAILABILITY = YES_AGGRESSIVE;
				CLANG_WARN_UNREACHABLE_CODE = YES;
				CLANG_WARN__DUPLICATE_METHOD_MATCH = YES;
				COPY_PHASE_STRIP = NO;
				DEBUG_INFORMATION_FORMAT = "dwarf-with-dsym";
				DEVELOPMENT_TEAM = 9N6US9U86T;
				ENABLE_NS_ASSERTIONS = NO;
				ENABLE_STRICT_OBJC_MSGSEND = YES;
				ENABLE_USER_SCRIPT_SANDBOXING = YES;
				GCC_C_LANGUAGE_STANDARD = gnu17;
				GCC_NO_COMMON_BLOCKS = YES;
				GCC_WARN_64_TO_32_BIT_CONVERSION = YES;
				GCC_WARN_ABOUT_RETURN_TYPE = YES_ERROR;
				GCC_WARN_UNDECLARED_SELECTOR = YES;
				GCC_WARN_UNINITIALIZED_AUTOS = YES_AGGRESSIVE;
				GCC_WARN_UNUSED_FUNCTION = YES;
				GCC_WARN_UNUSED_VARIABLE = YES;
				IPHONEOS_DEPLOYMENT_TARGET = 18.4;
				LOCALIZATION_PREFERS_STRING_CATALOGS = YES;
				MTL_ENABLE_DEBUG_INFO = NO;
				MTL_FAST_MATH = YES;
				SDKROOT = iphoneos;
				SWIFT_COMPILATION_MODE = wholemodule;
				VALIDATE_PRODUCT = YES;
			};
			name = Release;
		};
		715AA8442D9FD6620039CF10 /* Debug */ = {
			isa = XCBuildConfiguration;
			buildSettings = {
				ASSETCATALOG_COMPILER_APPICON_NAME = AppIcon;
				ASSETCATALOG_COMPILER_GLOBAL_ACCENT_COLOR_NAME = AccentColor;
				CODE_SIGN_STYLE = Automatic;
				CURRENT_PROJECT_VERSION = 1;
				DEVELOPMENT_TEAM = 9N6US9U86T;
				ENABLE_PREVIEWS = YES;
				GENERATE_INFOPLIST_FILE = YES;
				INFOPLIST_KEY_UIApplicationSceneManifest_Generation = YES;
				INFOPLIST_KEY_UIApplicationSupportsIndirectInputEvents = YES;
				INFOPLIST_KEY_UILaunchScreen_Generation = YES;
				INFOPLIST_KEY_UISupportedInterfaceOrientations_iPad = "UIInterfaceOrientationPortrait UIInterfaceOrientationPortraitUpsideDown UIInterfaceOrientationLandscapeLeft UIInterfaceOrientationLandscapeRight";
				INFOPLIST_KEY_UISupportedInterfaceOrientations_iPhone = "UIInterfaceOrientationPortrait UIInterfaceOrientationLandscapeLeft UIInterfaceOrientationLandscapeRight";
				LD_RUNPATH_SEARCH_PATHS = (
					"$(inherited)",
					"@executable_path/Frameworks",
				);
				MARKETING_VERSION = 1.0;
				PRODUCT_BUNDLE_IDENTIFIER = com.stasy.TechTestStoryList;
				PRODUCT_NAME = "$(TARGET_NAME)";
				SWIFT_EMIT_LOC_STRINGS = YES;
				SWIFT_VERSION = 5.0;
				TARGETED_DEVICE_FAMILY = "1,2";
			};
			name = Debug;
		};
		715AA8452D9FD6620039CF10 /* Release */ = {
			isa = XCBuildConfiguration;
			buildSettings = {
				ASSETCATALOG_COMPILER_APPICON_NAME = AppIcon;
				ASSETCATALOG_COMPILER_GLOBAL_ACCENT_COLOR_NAME = AccentColor;
				CODE_SIGN_STYLE = Automatic;
				CURRENT_PROJECT_VERSION = 1;
				DEVELOPMENT_TEAM = 9N6US9U86T;
				ENABLE_PREVIEWS = YES;
				GENERATE_INFOPLIST_FILE = YES;
				INFOPLIST_KEY_UIApplicationSceneManifest_Generation = YES;
				INFOPLIST_KEY_UIApplicationSupportsIndirectInputEvents = YES;
				INFOPLIST_KEY_UILaunchScreen_Generation = YES;
				INFOPLIST_KEY_UISupportedInterfaceOrientations_iPad = "UIInterfaceOrientationPortrait UIInterfaceOrientationPortraitUpsideDown UIInterfaceOrientationLandscapeLeft UIInterfaceOrientationLandscapeRight";
				INFOPLIST_KEY_UISupportedInterfaceOrientations_iPhone = "UIInterfaceOrientationPortrait UIInterfaceOrientationLandscapeLeft UIInterfaceOrientationLandscapeRight";
				LD_RUNPATH_SEARCH_PATHS = (
					"$(inherited)",
					"@executable_path/Frameworks",
				);
				MARKETING_VERSION = 1.0;
				PRODUCT_BUNDLE_IDENTIFIER = com.stasy.TechTestStoryList;
				PRODUCT_NAME = "$(TARGET_NAME)";
				SWIFT_EMIT_LOC_STRINGS = YES;
				SWIFT_VERSION = 5.0;
				TARGETED_DEVICE_FAMILY = "1,2";
			};
			name = Release;
		};
/* End XCBuildConfiguration section */

/* Begin XCConfigurationList section */
		715AA8332D9FD6610039CF10 /* Build configuration list for PBXProject "TechTestStoryList" */ = {
			isa = XCConfigurationList;
			buildConfigurations = (
				715AA8412D9FD6620039CF10 /* Debug */,
				715AA8422D9FD6620039CF10 /* Release */,
			);
			defaultConfigurationIsVisible = 0;
			defaultConfigurationName = Release;
		};
		715AA8432D9FD6620039CF10 /* Build configuration list for PBXNativeTarget "TechTestStoryList" */ = {
			isa = XCConfigurationList;
			buildConfigurations = (
				715AA8442D9FD6620039CF10 /* Debug */,
				715AA8452D9FD6620039CF10 /* Release */,
			);
			defaultConfigurationIsVisible = 0;
			defaultConfigurationName = Release;
		};
/* End XCConfigurationList section */

/* Begin XCRemoteSwiftPackageReference section */
		715AA85D2D9FDC3C0039CF10 /* XCRemoteSwiftPackageReference "Kingfisher" */ = {
			isa = XCRemoteSwiftPackageReference;
			repositoryURL = "https://github.com/onevcat/Kingfisher";
			requirement = {
				kind = upToNextMajorVersion;
				minimumVersion = 8.3.1;
			};
		};
/* End XCRemoteSwiftPackageReference section */

/* Begin XCSwiftPackageProductDependency section */
		715AA85E2D9FDC3C0039CF10 /* Kingfisher */ = {
			isa = XCSwiftPackageProductDependency;
			package = 715AA85D2D9FDC3C0039CF10 /* XCRemoteSwiftPackageReference "Kingfisher" */;
			productName = Kingfisher;
		};
/* End XCSwiftPackageProductDependency section */
	};
	rootObject = 715AA8302D9FD6610039CF10 /* Project object */;
}
